
Microsoft Visual Studio Solution File, Format Version 12.00
# Visual Studio 2013
VisualStudioVersion = 12.0.21005.1
MinimumVisualStudioVersion = 10.0.40219.1
Project("{E24C65DC-7377-472B-9ABA-BC803B73C61A}") = "TelerikAcademy", "http://localhost:3943", "{CF722646-21C7-4FA7-87AB-444963E3E25A}"
	ProjectSection(WebsiteProperties) = preProject
		UseIISExpress = "true"
		TargetFrameworkMoniker = ".NETFramework,Version%3Dv4.5"
		Debug.AspNetCompiler.VirtualPath = "/localhost_3943"
		Debug.AspNetCompiler.PhysicalPath = "..\..\..\Telerik Academy\UX дизайн и работа с Photoshop\12. Финално задание\UX-Design-and-Photoshop\TelerikAcademy\"
		Debug.AspNetCompiler.TargetPath = "PrecompiledWeb\localhost_3943\"
		Debug.AspNetCompiler.Updateable = "true"
		Debug.AspNetCompiler.ForceOverwrite = "true"
		Debug.AspNetCompiler.FixedNames = "false"
		Debug.AspNetCompiler.Debug = "True"
		Release.AspNetCompiler.VirtualPath = "/localhost_3943"
		Release.AspNetCompiler.PhysicalPath = "..\..\..\Telerik Academy\UX дизайн и работа с Photoshop\12. Финално задание\UX-Design-and-Photoshop\TelerikAcademy\"
		Release.AspNetCompiler.TargetPath = "PrecompiledWeb\localhost_3943\"
		Release.AspNetCompiler.Updateable = "true"
		Release.AspNetCompiler.ForceOverwrite = "true"
		Release.AspNetCompiler.FixedNames = "false"
		Release.AspNetCompiler.Debug = "False"
		SlnRelativePath = "..\..\..\Telerik Academy\UX дизайн и работа с Photoshop\12. Финално задание\UX-Design-and-Photoshop\TelerikAcademy\"
		DefaultWebSiteLanguage = "Visual C#"
	EndProjectSection
EndProject
Global
	GlobalSection(SolutionConfigurationPlatforms) = preSolution
		Debug|Any CPU = Debug|Any CPU
	EndGlobalSection
	GlobalSection(ProjectConfigurationPlatforms) = postSolution
		{CF722646-21C7-4FA7-87AB-444963E3E25A}.Debug|Any CPU.ActiveCfg = Debug|Any CPU
		{CF722646-21C7-4FA7-87AB-444963E3E25A}.Debug|Any CPU.Build.0 = Debug|Any CPU
	EndGlobalSection
	GlobalSection(SolutionProperties) = preSolution
		HideSolutionNode = FALSE
	EndGlobalSection
EndGlobal
